
Microsoft Visual Studio Solution File, Format Version 12.00
# Visual Studio Version 17
VisualStudioVersion = 17.2.32616.157
MinimumVisualStudioVersion = 10.0.40219.1
Project("{2150E333-8FDC-42A3-9474-1A3956D46DE8}") = "Solution Items", "Solution Items", "{55A440C3-3218-433A-BD4F-820D0B5E2F7B}"
	ProjectSection(SolutionItems) = preProject
		LICENSE.txt = LICENSE.txt
		Readme.md = Readme.md
	EndProjectSection
EndProject
Project("{9A19103F-16F7-4668-BE54-9A1E7A4F7556}") = "ImapCleanup", "ImapCleanup\ImapCleanup.csproj", "{F669DDD0-2F89-401D-8529-FB627375CF1D}"
EndProject
Global
	GlobalSection(SolutionConfigurationPlatforms) = preSolution
		Debug|Any CPU = Debug|Any CPU
		Release|Any CPU = Release|Any CPU
	EndGlobalSection
	GlobalSection(ProjectConfigurationPlatforms) = postSolution
		{F669DDD0-2F89-401D-8529-FB627375CF1D}.Debug|Any CPU.ActiveCfg = Debug|Any CPU
		{F669DDD0-2F89-401D-8529-FB627375CF1D}.Debug|Any CPU.Build.0 = Debug|Any CPU
		{F669DDD0-2F89-401D-8529-FB627375CF1D}.Release|Any CPU.ActiveCfg = Release|Any CPU
		{F669DDD0-2F89-401D-8529-FB627375CF1D}.Release|Any CPU.Build.0 = Release|Any CPU
	EndGlobalSection
	GlobalSection(SolutionProperties) = preSolution
		HideSolutionNode = FALSE
	EndGlobalSection
	GlobalSection(ExtensibilityGlobals) = postSolution
		SolutionGuid = {37135C0F-C476-4A83-A094-9D56E1BF48EE}
	EndGlobalSection
EndGlobal
