
Microsoft Visual Studio Solution File, Format Version 12.00
# Visual Studio Version 17
VisualStudioVersion = 17.2.32616.157
MinimumVisualStudioVersion = 10.0.40219.1
Project("{9A19103F-16F7-4668-BE54-9A1E7A4F7556}") = "ImapCleanup", "ImapCleanup.csproj", "{D0151B6F-42F2-45D0-8D9B-4F9C410EBF6A}"
EndProject
Global
	GlobalSection(SolutionConfigurationPlatforms) = preSolution
		Debug|Any CPU = Debug|Any CPU
		Release|Any CPU = Release|Any CPU
	EndGlobalSection
	GlobalSection(ProjectConfigurationPlatforms) = postSolution
		{D0151B6F-42F2-45D0-8D9B-4F9C410EBF6A}.Debug|Any CPU.ActiveCfg = Debug|Any CPU
		{D0151B6F-42F2-45D0-8D9B-4F9C410EBF6A}.Debug|Any CPU.Build.0 = Debug|Any CPU
		{D0151B6F-42F2-45D0-8D9B-4F9C410EBF6A}.Release|Any CPU.ActiveCfg = Release|Any CPU
		{D0151B6F-42F2-45D0-8D9B-4F9C410EBF6A}.Release|Any CPU.Build.0 = Release|Any CPU
	EndGlobalSection
	GlobalSection(SolutionProperties) = preSolution
		HideSolutionNode = FALSE
	EndGlobalSection
	GlobalSection(ExtensibilityGlobals) = postSolution
		SolutionGuid = {37135C0F-C476-4A83-A094-9D56E1BF48EE}
	EndGlobalSection
EndGlobal
